// !$*UTF8*$!
{
	archiveVersion = 1;
	classes = {
	};
	objectVersion = 46;
	objects = {

/* Begin PBXBuildFile section */
		1A88B2641FC3D9C9005C14AE /* Images.xcassets in Resources */ = {isa = PBXBuildFile; fileRef = 1A88B2631FC3D9C9005C14AE /* Images.xcassets */; };
		1AC6FB21180E996B004C840B /* libcocos2d Mac.a in Frameworks */ = {isa = PBXBuildFile; fileRef = 1AC6FAF9180E9839004C840B /* libcocos2d Mac.a */; };
		1AC6FB30180E99EB004C840B /* libcocos2d iOS.a in Frameworks */ = {isa = PBXBuildFile; fileRef = 1AC6FB07180E9839004C840B /* libcocos2d iOS.a */; };
		1AF87B781F6F77F7007BE51C /* AppController.mm in Sources */ = {isa = PBXBuildFile; fileRef = 1AF87B481F6F77D6007BE51C /* AppController.mm */; };
		1AF87B881F6F781D007BE51C /* LaunchScreen.storyboard in Resources */ = {isa = PBXBuildFile; fileRef = 1AF87B591F6F77D6007BE51C /* LaunchScreen.storyboard */; };
		1AF87B891F6F781D007BE51C /* LaunchScreenBackground.png in Resources */ = {isa = PBXBuildFile; fileRef = 1AF87B5A1F6F77D6007BE51C /* LaunchScreenBackground.png */; };
		1AF87B8A1F6F7822007BE51C /* main.m in Sources */ = {isa = PBXBuildFile; fileRef = 1AF87B5B1F6F77D6007BE51C /* main.m */; };
		1AF87B8B1F6F782A007BE51C /* RootViewController.mm in Sources */ = {isa = PBXBuildFile; fileRef = 1AF87B5E1F6F77D6007BE51C /* RootViewController.mm */; };
		1D60589F0D05DD5A006BFB54 /* Foundation.framework in Frameworks */ = {isa = PBXBuildFile; fileRef = 1D30AB110D05D00D00671497 /* Foundation.framework */; };
		1DF5F4E00D08C38300B7A737 /* UIKit.framework in Frameworks */ = {isa = PBXBuildFile; fileRef = 1DF5F4DF0D08C38300B7A737 /* UIKit.framework */; };
		288765A50DF7441C002DB57D /* CoreGraphics.framework in Frameworks */ = {isa = PBXBuildFile; fileRef = 288765A40DF7441C002DB57D /* CoreGraphics.framework */; };
		294D0D641D0D56D500F7F5D4 /* CoreText.framework in Frameworks */ = {isa = PBXBuildFile; fileRef = 294D0D631D0D56D500F7F5D4 /* CoreText.framework */; };
		3EACC98F19EE6D4300EB3C5E /* res in Resources */ = {isa = PBXBuildFile; fileRef = 3EACC98E19EE6D4300EB3C5E /* res */; };
		3EACC99019EE6D4300EB3C5E /* res in Resources */ = {isa = PBXBuildFile; fileRef = 3EACC98E19EE6D4300EB3C5E /* res */; };
		46880B7B19C43A67006E1F66 /* CloseNormal.png in Resources */ = {isa = PBXBuildFile; fileRef = 46880B7619C43A67006E1F66 /* CloseNormal.png */; };
		46880B7C19C43A67006E1F66 /* CloseNormal.png in Resources */ = {isa = PBXBuildFile; fileRef = 46880B7619C43A67006E1F66 /* CloseNormal.png */; };
		46880B7D19C43A67006E1F66 /* CloseSelected.png in Resources */ = {isa = PBXBuildFile; fileRef = 46880B7719C43A67006E1F66 /* CloseSelected.png */; };
		46880B7E19C43A67006E1F66 /* CloseSelected.png in Resources */ = {isa = PBXBuildFile; fileRef = 46880B7719C43A67006E1F66 /* CloseSelected.png */; };
		46880B8119C43A67006E1F66 /* HelloWorld.png in Resources */ = {isa = PBXBuildFile; fileRef = 46880B7A19C43A67006E1F66 /* HelloWorld.png */; };
		46880B8219C43A67006E1F66 /* HelloWorld.png in Resources */ = {isa = PBXBuildFile; fileRef = 46880B7A19C43A67006E1F66 /* HelloWorld.png */; };
		46880B8819C43A87006E1F66 /* AppDelegate.cpp in Sources */ = {isa = PBXBuildFile; fileRef = 46880B8419C43A87006E1F66 /* AppDelegate.cpp */; };
		46880B8919C43A87006E1F66 /* AppDelegate.cpp in Sources */ = {isa = PBXBuildFile; fileRef = 46880B8419C43A87006E1F66 /* AppDelegate.cpp */; };
		46880B8A19C43A87006E1F66 /* HelloWorldScene.cpp in Sources */ = {isa = PBXBuildFile; fileRef = 46880B8619C43A87006E1F66 /* HelloWorldScene.cpp */; };
		46880B8B19C43A87006E1F66 /* HelloWorldScene.cpp in Sources */ = {isa = PBXBuildFile; fileRef = 46880B8619C43A87006E1F66 /* HelloWorldScene.cpp */; };
		503AE0F817EB97AB00D1A890 /* Icon.icns in Resources */ = {isa = PBXBuildFile; fileRef = 503AE0F617EB97AB00D1A890 /* Icon.icns */; };
		503AE10517EB98FF00D1A890 /* main.cpp in Sources */ = {isa = PBXBuildFile; fileRef = 503AE10317EB98FF00D1A890 /* main.cpp */; };
		503AE11B17EB9C5A00D1A890 /* IOKit.framework in Frameworks */ = {isa = PBXBuildFile; fileRef = 503AE11A17EB9C5A00D1A890 /* IOKit.framework */; };
		5087E76317EB910900C73F5D /* Foundation.framework in Frameworks */ = {isa = PBXBuildFile; fileRef = 1D30AB110D05D00D00671497 /* Foundation.framework */; };
		5087E76717EB910900C73F5D /* libz.dylib in Frameworks */ = {isa = PBXBuildFile; fileRef = BF170DB412928DE900B8313A /* libz.dylib */; };
		5087E76817EB910900C73F5D /* QuartzCore.framework in Frameworks */ = {isa = PBXBuildFile; fileRef = BF1C47EA1293683800B63C5D /* QuartzCore.framework */; };
		5087E76917EB910900C73F5D /* OpenAL.framework in Frameworks */ = {isa = PBXBuildFile; fileRef = D44C620B132DFF330009C878 /* OpenAL.framework */; };
		5087E76A17EB910900C73F5D /* AVFoundation.framework in Frameworks */ = {isa = PBXBuildFile; fileRef = D44C620D132DFF430009C878 /* AVFoundation.framework */; };
		5087E76B17EB910900C73F5D /* AudioToolbox.framework in Frameworks */ = {isa = PBXBuildFile; fileRef = D44C620F132DFF4E0009C878 /* AudioToolbox.framework */; };
		5087E78917EB974C00C73F5D /* AppKit.framework in Frameworks */ = {isa = PBXBuildFile; fileRef = 5087E78817EB974C00C73F5D /* AppKit.framework */; };
		5087E78B17EB975400C73F5D /* OpenGL.framework in Frameworks */ = {isa = PBXBuildFile; fileRef = 5087E78A17EB975400C73F5D /* OpenGL.framework */; };
		521A8EA919F11F5000D177D7 /* fonts in Resources */ = {isa = PBXBuildFile; fileRef = 521A8EA819F11F5000D177D7 /* fonts */; };
		521A8EAA19F11F5000D177D7 /* fonts in Resources */ = {isa = PBXBuildFile; fileRef = 521A8EA819F11F5000D177D7 /* fonts */; };
		52B47A471A53D09C004E4C60 /* Security.framework in Frameworks */ = {isa = PBXBuildFile; fileRef = 52B47A461A53D09B004E4C60 /* Security.framework */; };
		8262943E1AAF051F00CB7CF7 /* Security.framework in Frameworks */ = {isa = PBXBuildFile; fileRef = 8262943D1AAF051F00CB7CF7 /* Security.framework */; };
		BF171245129291EC00B8313A /* OpenGLES.framework in Frameworks */ = {isa = PBXBuildFile; fileRef = BF170DB012928DE900B8313A /* OpenGLES.framework */; };
		BF1712471292920000B8313A /* libz.dylib in Frameworks */ = {isa = PBXBuildFile; fileRef = BF170DB412928DE900B8313A /* libz.dylib */; };
		BF1C47F01293687400B63C5D /* QuartzCore.framework in Frameworks */ = {isa = PBXBuildFile; fileRef = BF1C47EA1293683800B63C5D /* QuartzCore.framework */; };
		D00E7D1A2171CD000085BBAF /* EventHub.cpp in Sources */ = {isa = PBXBuildFile; fileRef = D00E7D192171CD000085BBAF /* EventHub.cpp */; };
		D00E7D1B2171CD000085BBAF /* EventHub.cpp in Sources */ = {isa = PBXBuildFile; fileRef = D00E7D192171CD000085BBAF /* EventHub.cpp */; };
		D0B9FD69217128ED0097E97B /* ConnectingPopup.cpp in Sources */ = {isa = PBXBuildFile; fileRef = D0B9FD57217128EC0097E97B /* ConnectingPopup.cpp */; };
		D0B9FD6A217128ED0097E97B /* ConnectingPopup.cpp in Sources */ = {isa = PBXBuildFile; fileRef = D0B9FD57217128EC0097E97B /* ConnectingPopup.cpp */; };
		D0B9FD6B217128ED0097E97B /* RegCloudConnection.cpp in Sources */ = {isa = PBXBuildFile; fileRef = D0B9FD58217128EC0097E97B /* RegCloudConnection.cpp */; };
		D0B9FD6C217128ED0097E97B /* RegCloudConnection.cpp in Sources */ = {isa = PBXBuildFile; fileRef = D0B9FD58217128EC0097E97B /* RegCloudConnection.cpp */; };
		D0B9FD6D217128ED0097E97B /* CryptoLibrary.cpp in Sources */ = {isa = PBXBuildFile; fileRef = D0B9FD5D217128ED0097E97B /* CryptoLibrary.cpp */; };
		D0B9FD6E217128ED0097E97B /* CryptoLibrary.cpp in Sources */ = {isa = PBXBuildFile; fileRef = D0B9FD5D217128ED0097E97B /* CryptoLibrary.cpp */; };
		D0B9FD6F217128ED0097E97B /* LoginLayer.cpp in Sources */ = {isa = PBXBuildFile; fileRef = D0B9FD5F217128ED0097E97B /* LoginLayer.cpp */; };
		D0B9FD70217128ED0097E97B /* LoginLayer.cpp in Sources */ = {isa = PBXBuildFile; fileRef = D0B9FD5F217128ED0097E97B /* LoginLayer.cpp */; };
		D0B9FD73217128ED0097E97B /* MainMenuScene.cpp in Sources */ = {isa = PBXBuildFile; fileRef = D0B9FD63217128ED0097E97B /* MainMenuScene.cpp */; };
		D0B9FD74217128ED0097E97B /* MainMenuScene.cpp in Sources */ = {isa = PBXBuildFile; fileRef = D0B9FD63217128ED0097E97B /* MainMenuScene.cpp */; };
		D0B9FD75217128ED0097E97B /* RegCloud.cpp in Sources */ = {isa = PBXBuildFile; fileRef = D0B9FD66217128ED0097E97B /* RegCloud.cpp */; };
		D0B9FD76217128ED0097E97B /* RegCloud.cpp in Sources */ = {isa = PBXBuildFile; fileRef = D0B9FD66217128ED0097E97B /* RegCloud.cpp */; };
		D0B9FD77217128ED0097E97B /* RegisterLayer.cpp in Sources */ = {isa = PBXBuildFile; fileRef = D0B9FD67217128ED0097E97B /* RegisterLayer.cpp */; };
		D0B9FD78217128ED0097E97B /* RegisterLayer.cpp in Sources */ = {isa = PBXBuildFile; fileRef = D0B9FD67217128ED0097E97B /* RegisterLayer.cpp */; };
		D0B9FD79217128ED0097E97B /* IntroScene.cpp in Sources */ = {isa = PBXBuildFile; fileRef = D0B9FD68217128ED0097E97B /* IntroScene.cpp */; };
		D0B9FD7A217128ED0097E97B /* IntroScene.cpp in Sources */ = {isa = PBXBuildFile; fileRef = D0B9FD68217128ED0097E97B /* IntroScene.cpp */; };
		D0B9FDA221712FF10097E97B /* pk.c in Sources */ = {isa = PBXBuildFile; fileRef = D0B9FD7D21712FEF0097E97B /* pk.c */; };
		D0B9FDA321712FF10097E97B /* pk.c in Sources */ = {isa = PBXBuildFile; fileRef = D0B9FD7D21712FEF0097E97B /* pk.c */; };
		D0B9FDA421712FF10097E97B /* md_wrap.c in Sources */ = {isa = PBXBuildFile; fileRef = D0B9FD7F21712FEF0097E97B /* md_wrap.c */; };
		D0B9FDA521712FF10097E97B /* md_wrap.c in Sources */ = {isa = PBXBuildFile; fileRef = D0B9FD7F21712FEF0097E97B /* md_wrap.c */; };
		D0B9FDA621712FF10097E97B /* oid.c in Sources */ = {isa = PBXBuildFile; fileRef = D0B9FD8421712FEF0097E97B /* oid.c */; };
		D0B9FDA721712FF10097E97B /* oid.c in Sources */ = {isa = PBXBuildFile; fileRef = D0B9FD8421712FEF0097E97B /* oid.c */; };
		D0B9FDA821712FF10097E97B /* aes_platform_uil.c in Sources */ = {isa = PBXBuildFile; fileRef = D0B9FD8521712FEF0097E97B /* aes_platform_uil.c */; };
		D0B9FDA921712FF10097E97B /* aes_platform_uil.c in Sources */ = {isa = PBXBuildFile; fileRef = D0B9FD8521712FEF0097E97B /* aes_platform_uil.c */; };
		D0B9FDAA21712FF10097E97B /* cipher_wrap.c in Sources */ = {isa = PBXBuildFile; fileRef = D0B9FD8621712FEF0097E97B /* cipher_wrap.c */; };
		D0B9FDAB21712FF10097E97B /* cipher_wrap.c in Sources */ = {isa = PBXBuildFile; fileRef = D0B9FD8621712FEF0097E97B /* cipher_wrap.c */; };
		D0B9FDAC21712FF10097E97B /* bignum.c in Sources */ = {isa = PBXBuildFile; fileRef = D0B9FD8821712FEF0097E97B /* bignum.c */; };
		D0B9FDAD21712FF10097E97B /* bignum.c in Sources */ = {isa = PBXBuildFile; fileRef = D0B9FD8821712FEF0097E97B /* bignum.c */; };
		D0B9FDAE21712FF10097E97B /* cipher.c in Sources */ = {isa = PBXBuildFile; fileRef = D0B9FD8921712FEF0097E97B /* cipher.c */; };
		D0B9FDAF21712FF10097E97B /* cipher.c in Sources */ = {isa = PBXBuildFile; fileRef = D0B9FD8921712FEF0097E97B /* cipher.c */; };
		D0B9FDB021712FF10097E97B /* aes.c in Sources */ = {isa = PBXBuildFile; fileRef = D0B9FD8A21712FEF0097E97B /* aes.c */; };
		D0B9FDB121712FF10097E97B /* aes.c in Sources */ = {isa = PBXBuildFile; fileRef = D0B9FD8A21712FEF0097E97B /* aes.c */; };
		D0B9FDB221712FF10097E97B /* rsa_internal.c in Sources */ = {isa = PBXBuildFile; fileRef = D0B9FD8B21712FEF0097E97B /* rsa_internal.c */; };
		D0B9FDB321712FF10097E97B /* rsa_internal.c in Sources */ = {isa = PBXBuildFile; fileRef = D0B9FD8B21712FEF0097E97B /* rsa_internal.c */; };
		D0B9FDB421712FF10097E97B /* ctr_drbg.c in Sources */ = {isa = PBXBuildFile; fileRef = D0B9FD8D21712FF00097E97B /* ctr_drbg.c */; };
		D0B9FDB521712FF10097E97B /* ctr_drbg.c in Sources */ = {isa = PBXBuildFile; fileRef = D0B9FD8D21712FF00097E97B /* ctr_drbg.c */; };
		D0B9FDB621712FF10097E97B /* asn1write.c in Sources */ = {isa = PBXBuildFile; fileRef = D0B9FD8E21712FF00097E97B /* asn1write.c */; };
		D0B9FDB721712FF10097E97B /* asn1write.c in Sources */ = {isa = PBXBuildFile; fileRef = D0B9FD8E21712FF00097E97B /* asn1write.c */; };
		D0B9FDB821712FF10097E97B /* sha256.c in Sources */ = {isa = PBXBuildFile; fileRef = D0B9FD9121712FF00097E97B /* sha256.c */; };
		D0B9FDB921712FF10097E97B /* sha256.c in Sources */ = {isa = PBXBuildFile; fileRef = D0B9FD9121712FF00097E97B /* sha256.c */; };
		D0B9FDBA21712FF10097E97B /* pk_wrap.c in Sources */ = {isa = PBXBuildFile; fileRef = D0B9FD9421712FF00097E97B /* pk_wrap.c */; };
		D0B9FDBB21712FF10097E97B /* pk_wrap.c in Sources */ = {isa = PBXBuildFile; fileRef = D0B9FD9421712FF00097E97B /* pk_wrap.c */; };
		D0B9FDBC21712FF10097E97B /* rsa.c in Sources */ = {isa = PBXBuildFile; fileRef = D0B9FD9521712FF00097E97B /* rsa.c */; };
		D0B9FDBD21712FF10097E97B /* rsa.c in Sources */ = {isa = PBXBuildFile; fileRef = D0B9FD9521712FF00097E97B /* rsa.c */; };
		D0B9FDBE21712FF10097E97B /* asn1parse.c in Sources */ = {isa = PBXBuildFile; fileRef = D0B9FD9621712FF00097E97B /* asn1parse.c */; };
		D0B9FDBF21712FF10097E97B /* asn1parse.c in Sources */ = {isa = PBXBuildFile; fileRef = D0B9FD9621712FF00097E97B /* asn1parse.c */; };
		D0B9FDC021712FF10097E97B /* md.c in Sources */ = {isa = PBXBuildFile; fileRef = D0B9FD9721712FF00097E97B /* md.c */; };
		D0B9FDC121712FF10097E97B /* md.c in Sources */ = {isa = PBXBuildFile; fileRef = D0B9FD9721712FF00097E97B /* md.c */; };
		D0B9FDC221712FF10097E97B /* entropy_poll.c in Sources */ = {isa = PBXBuildFile; fileRef = D0B9FD9B21712FF00097E97B /* entropy_poll.c */; };
		D0B9FDC321712FF10097E97B /* entropy_poll.c in Sources */ = {isa = PBXBuildFile; fileRef = D0B9FD9B21712FF00097E97B /* entropy_poll.c */; };
		D0B9FDC421712FF10097E97B /* entropy.c in Sources */ = {isa = PBXBuildFile; fileRef = D0B9FD9F21712FF10097E97B /* entropy.c */; };
		D0B9FDC521712FF10097E97B /* entropy.c in Sources */ = {isa = PBXBuildFile; fileRef = D0B9FD9F21712FF10097E97B /* entropy.c */; };
		D0B9FDD02171678C0097E97B /* sdkbox_config.json in Resources */ = {isa = PBXBuildFile; fileRef = D0B9FDC82171678C0097E97B /* sdkbox_config.json */; };
		D0B9FDD12171678C0097E97B /* sdkbox_config.json in Resources */ = {isa = PBXBuildFile; fileRef = D0B9FDC82171678C0097E97B /* sdkbox_config.json */; };
		D0B9FDD22171678C0097E97B /* dev_button_cancel.png in Resources */ = {isa = PBXBuildFile; fileRef = D0B9FDCA2171678C0097E97B /* dev_button_cancel.png */; };
		D0B9FDD32171678C0097E97B /* dev_button_cancel.png in Resources */ = {isa = PBXBuildFile; fileRef = D0B9FDCA2171678C0097E97B /* dev_button_cancel.png */; };
		D0B9FDD42171678C0097E97B /* dev_button_create_account.png in Resources */ = {isa = PBXBuildFile; fileRef = D0B9FDCB2171678C0097E97B /* dev_button_create_account.png */; };
		D0B9FDD52171678C0097E97B /* dev_button_create_account.png in Resources */ = {isa = PBXBuildFile; fileRef = D0B9FDCB2171678C0097E97B /* dev_button_create_account.png */; };
		D0B9FDD62171678C0097E97B /* editbox_bg.png in Resources */ = {isa = PBXBuildFile; fileRef = D0B9FDCC2171678C0097E97B /* editbox_bg.png */; };
		D0B9FDD72171678C0097E97B /* editbox_bg.png in Resources */ = {isa = PBXBuildFile; fileRef = D0B9FDCC2171678C0097E97B /* editbox_bg.png */; };
		D0B9FDD82171678C0097E97B /* menu_background.png in Resources */ = {isa = PBXBuildFile; fileRef = D0B9FDCD2171678C0097E97B /* menu_background.png */; };
		D0B9FDD92171678C0097E97B /* menu_background.png in Resources */ = {isa = PBXBuildFile; fileRef = D0B9FDCD2171678C0097E97B /* menu_background.png */; };
		D0B9FDDA2171678C0097E97B /* dev_button_register.png in Resources */ = {isa = PBXBuildFile; fileRef = D0B9FDCE2171678C0097E97B /* dev_button_register.png */; };
		D0B9FDDB2171678C0097E97B /* dev_button_register.png in Resources */ = {isa = PBXBuildFile; fileRef = D0B9FDCE2171678C0097E97B /* dev_button_register.png */; };
		D0B9FDDC2171678C0097E97B /* dev_button_login.png in Resources */ = {isa = PBXBuildFile; fileRef = D0B9FDCF2171678C0097E97B /* dev_button_login.png */; };
		D0B9FDDD2171678C0097E97B /* dev_button_login.png in Resources */ = {isa = PBXBuildFile; fileRef = D0B9FDCF2171678C0097E97B /* dev_button_login.png */; };
		D44C620C132DFF330009C878 /* OpenAL.framework in Frameworks */ = {isa = PBXBuildFile; fileRef = D44C620B132DFF330009C878 /* OpenAL.framework */; };
		D44C620E132DFF430009C878 /* AVFoundation.framework in Frameworks */ = {isa = PBXBuildFile; fileRef = D44C620D132DFF430009C878 /* AVFoundation.framework */; };
		D44C6210132DFF4E0009C878 /* AudioToolbox.framework in Frameworks */ = {isa = PBXBuildFile; fileRef = D44C620F132DFF4E0009C878 /* AudioToolbox.framework */; };
		D6B0611B1803AB670077942B /* CoreMotion.framework in Frameworks */ = {isa = PBXBuildFile; fileRef = D6B0611A1803AB670077942B /* CoreMotion.framework */; };
		ED545A7C1B68A1F400C3958E /* libiconv.dylib in Frameworks */ = {isa = PBXBuildFile; fileRef = ED545A7B1B68A1F400C3958E /* libiconv.dylib */; };
		ED545A7E1B68A1FA00C3958E /* libiconv.dylib in Frameworks */ = {isa = PBXBuildFile; fileRef = ED545A7D1B68A1FA00C3958E /* libiconv.dylib */; };
/* End PBXBuildFile section */

/* Begin PBXContainerItemProxy section */
		1A7533E21F6F75F6007E8E6F /* PBXContainerItemProxy */ = {
			isa = PBXContainerItemProxy;
			containerPortal = 1AC6FAE5180E9839004C840B /* cocos2d_libs.xcodeproj */;
			proxyType = 2;
			remoteGlobalIDString = 507B40FD1C31BDD30067B53E;
			remoteInfo = "libcocos2d tvOS";
		};
		1AC6FAF8180E9839004C840B /* PBXContainerItemProxy */ = {
			isa = PBXContainerItemProxy;
			containerPortal = 1AC6FAE5180E9839004C840B /* cocos2d_libs.xcodeproj */;
			proxyType = 2;
			remoteGlobalIDString = 1551A33F158F2AB200E66CFE;
			remoteInfo = "cocos2dx Mac";
		};
		1AC6FB06180E9839004C840B /* PBXContainerItemProxy */ = {
			isa = PBXContainerItemProxy;
			containerPortal = 1AC6FAE5180E9839004C840B /* cocos2d_libs.xcodeproj */;
			proxyType = 2;
			remoteGlobalIDString = A07A4D641783777C0073F6A7;
			remoteInfo = "cocos2dx iOS";
		};
		1AC6FB15180E9959004C840B /* PBXContainerItemProxy */ = {
			isa = PBXContainerItemProxy;
			containerPortal = 1AC6FAE5180E9839004C840B /* cocos2d_libs.xcodeproj */;
			proxyType = 1;
			remoteGlobalIDString = 1551A33E158F2AB200E66CFE;
			remoteInfo = "cocos2dx Mac";
		};
		1AC6FB24180E99E1004C840B /* PBXContainerItemProxy */ = {
			isa = PBXContainerItemProxy;
			containerPortal = 1AC6FAE5180E9839004C840B /* cocos2d_libs.xcodeproj */;
			proxyType = 1;
			remoteGlobalIDString = A07A4C241783777C0073F6A7;
			remoteInfo = "cocos2dx iOS";
		};
/* End PBXContainerItemProxy section */

/* Begin PBXFileReference section */
		1A88B2631FC3D9C9005C14AE /* Images.xcassets */ = {isa = PBXFileReference; lastKnownFileType = folder.assetcatalog; path = Images.xcassets; sourceTree = "<group>"; };
		1AC6FAE5180E9839004C840B /* cocos2d_libs.xcodeproj */ = {isa = PBXFileReference; lastKnownFileType = "wrapper.pb-project"; name = cocos2d_libs.xcodeproj; path = ../cocos2d/build/cocos2d_libs.xcodeproj; sourceTree = "<group>"; };
		1ACB3243164770DE00914215 /* libcurl.a */ = {isa = PBXFileReference; lastKnownFileType = archive.ar; name = libcurl.a; path = ../../cocos2dx/platform/third_party/ios/libraries/libcurl.a; sourceTree = "<group>"; };
		1AF87B471F6F77D6007BE51C /* AppController.h */ = {isa = PBXFileReference; lastKnownFileType = sourcecode.c.h; path = AppController.h; sourceTree = "<group>"; };
		1AF87B481F6F77D6007BE51C /* AppController.mm */ = {isa = PBXFileReference; lastKnownFileType = sourcecode.cpp.objcpp; path = AppController.mm; sourceTree = "<group>"; };
		1AF87B581F6F77D6007BE51C /* Info.plist */ = {isa = PBXFileReference; lastKnownFileType = text.plist.xml; path = Info.plist; sourceTree = "<group>"; };
		1AF87B591F6F77D6007BE51C /* LaunchScreen.storyboard */ = {isa = PBXFileReference; lastKnownFileType = file.storyboard; path = LaunchScreen.storyboard; sourceTree = "<group>"; };
		1AF87B5A1F6F77D6007BE51C /* LaunchScreenBackground.png */ = {isa = PBXFileReference; lastKnownFileType = image.png; path = LaunchScreenBackground.png; sourceTree = "<group>"; };
		1AF87B5B1F6F77D6007BE51C /* main.m */ = {isa = PBXFileReference; lastKnownFileType = sourcecode.c.objc; path = main.m; sourceTree = "<group>"; };
		1AF87B5C1F6F77D6007BE51C /* Prefix.pch */ = {isa = PBXFileReference; lastKnownFileType = sourcecode.c.h; path = Prefix.pch; sourceTree = "<group>"; };
		1AF87B5D1F6F77D6007BE51C /* RootViewController.h */ = {isa = PBXFileReference; lastKnownFileType = sourcecode.c.h; path = RootViewController.h; sourceTree = "<group>"; };
		1AF87B5E1F6F77D6007BE51C /* RootViewController.mm */ = {isa = PBXFileReference; lastKnownFileType = sourcecode.cpp.objcpp; path = RootViewController.mm; sourceTree = "<group>"; };
		1D30AB110D05D00D00671497 /* Foundation.framework */ = {isa = PBXFileReference; lastKnownFileType = wrapper.framework; name = Foundation.framework; path = System/Library/Frameworks/Foundation.framework; sourceTree = SDKROOT; };
		1D6058910D05DD3D006BFB54 /* Regicide-mobile.app */ = {isa = PBXFileReference; explicitFileType = wrapper.application; includeInIndex = 0; path = "Regicide-mobile.app"; sourceTree = BUILT_PRODUCTS_DIR; };
		1DF5F4DF0D08C38300B7A737 /* UIKit.framework */ = {isa = PBXFileReference; lastKnownFileType = wrapper.framework; name = UIKit.framework; path = System/Library/Frameworks/UIKit.framework; sourceTree = SDKROOT; };
		288765A40DF7441C002DB57D /* CoreGraphics.framework */ = {isa = PBXFileReference; lastKnownFileType = wrapper.framework; name = CoreGraphics.framework; path = System/Library/Frameworks/CoreGraphics.framework; sourceTree = SDKROOT; };
		294D0D631D0D56D500F7F5D4 /* CoreText.framework */ = {isa = PBXFileReference; lastKnownFileType = wrapper.framework; name = CoreText.framework; path = Platforms/iPhoneOS.platform/Developer/SDKs/iPhoneOS.sdk/System/Library/Frameworks/CoreText.framework; sourceTree = DEVELOPER_DIR; };
		3EACC98E19EE6D4300EB3C5E /* res */ = {isa = PBXFileReference; lastKnownFileType = folder; path = res; sourceTree = "<group>"; };
		46880B7619C43A67006E1F66 /* CloseNormal.png */ = {isa = PBXFileReference; lastKnownFileType = image.png; path = CloseNormal.png; sourceTree = "<group>"; };
		46880B7719C43A67006E1F66 /* CloseSelected.png */ = {isa = PBXFileReference; lastKnownFileType = image.png; path = CloseSelected.png; sourceTree = "<group>"; };
		46880B7A19C43A67006E1F66 /* HelloWorld.png */ = {isa = PBXFileReference; lastKnownFileType = image.png; path = HelloWorld.png; sourceTree = "<group>"; };
		46880B8419C43A87006E1F66 /* AppDelegate.cpp */ = {isa = PBXFileReference; fileEncoding = 4; lastKnownFileType = sourcecode.cpp.cpp; path = AppDelegate.cpp; sourceTree = "<group>"; };
		46880B8519C43A87006E1F66 /* AppDelegate.h */ = {isa = PBXFileReference; fileEncoding = 4; lastKnownFileType = sourcecode.c.h; path = AppDelegate.h; sourceTree = "<group>"; };
		46880B8619C43A87006E1F66 /* HelloWorldScene.cpp */ = {isa = PBXFileReference; fileEncoding = 4; lastKnownFileType = sourcecode.cpp.cpp; path = HelloWorldScene.cpp; sourceTree = "<group>"; };
		46880B8719C43A87006E1F66 /* HelloWorldScene.h */ = {isa = PBXFileReference; fileEncoding = 4; lastKnownFileType = sourcecode.c.h; path = HelloWorldScene.h; sourceTree = "<group>"; };
		503AE0F617EB97AB00D1A890 /* Icon.icns */ = {isa = PBXFileReference; lastKnownFileType = image.icns; path = Icon.icns; sourceTree = "<group>"; };
		503AE0F717EB97AB00D1A890 /* Info.plist */ = {isa = PBXFileReference; fileEncoding = 4; lastKnownFileType = text.plist.xml; path = Info.plist; sourceTree = "<group>"; };
		503AE10317EB98FF00D1A890 /* main.cpp */ = {isa = PBXFileReference; fileEncoding = 4; lastKnownFileType = sourcecode.cpp.cpp; name = main.cpp; path = mac/main.cpp; sourceTree = "<group>"; };
		503AE10417EB98FF00D1A890 /* Prefix.pch */ = {isa = PBXFileReference; fileEncoding = 4; lastKnownFileType = sourcecode.c.h; name = Prefix.pch; path = mac/Prefix.pch; sourceTree = "<group>"; };
		503AE11117EB99EE00D1A890 /* libcurl.dylib */ = {isa = PBXFileReference; lastKnownFileType = "compiled.mach-o.dylib"; name = libcurl.dylib; path = usr/lib/libcurl.dylib; sourceTree = SDKROOT; };
		503AE11A17EB9C5A00D1A890 /* IOKit.framework */ = {isa = PBXFileReference; lastKnownFileType = wrapper.framework; name = IOKit.framework; path = System/Library/Frameworks/IOKit.framework; sourceTree = SDKROOT; };
		5087E76F17EB910900C73F5D /* Regicide-desktop.app */ = {isa = PBXFileReference; explicitFileType = wrapper.application; includeInIndex = 0; path = "Regicide-desktop.app"; sourceTree = BUILT_PRODUCTS_DIR; };
		5087E78817EB974C00C73F5D /* AppKit.framework */ = {isa = PBXFileReference; lastKnownFileType = wrapper.framework; name = AppKit.framework; path = System/Library/Frameworks/AppKit.framework; sourceTree = SDKROOT; };
		5087E78A17EB975400C73F5D /* OpenGL.framework */ = {isa = PBXFileReference; lastKnownFileType = wrapper.framework; name = OpenGL.framework; path = System/Library/Frameworks/OpenGL.framework; sourceTree = SDKROOT; };
		521A8EA819F11F5000D177D7 /* fonts */ = {isa = PBXFileReference; lastKnownFileType = folder; path = fonts; sourceTree = "<group>"; };
		52B47A461A53D09B004E4C60 /* Security.framework */ = {isa = PBXFileReference; lastKnownFileType = wrapper.framework; name = Security.framework; path = Platforms/iPhoneOS.platform/Developer/SDKs/iPhoneOS.sdk/System/Library/Frameworks/Security.framework; sourceTree = DEVELOPER_DIR; };
		8262943D1AAF051F00CB7CF7 /* Security.framework */ = {isa = PBXFileReference; lastKnownFileType = wrapper.framework; name = Security.framework; path = System/Library/Frameworks/Security.framework; sourceTree = SDKROOT; };
		BF170DB012928DE900B8313A /* OpenGLES.framework */ = {isa = PBXFileReference; lastKnownFileType = wrapper.framework; name = OpenGLES.framework; path = System/Library/Frameworks/OpenGLES.framework; sourceTree = SDKROOT; };
		BF170DB412928DE900B8313A /* libz.dylib */ = {isa = PBXFileReference; lastKnownFileType = "compiled.mach-o.dylib"; name = libz.dylib; path = usr/lib/libz.dylib; sourceTree = SDKROOT; };
		BF1C47EA1293683800B63C5D /* QuartzCore.framework */ = {isa = PBXFileReference; lastKnownFileType = wrapper.framework; name = QuartzCore.framework; path = System/Library/Frameworks/QuartzCore.framework; sourceTree = SDKROOT; };
		D00E7D172171CCD80085BBAF /* EventHub.h */ = {isa = PBXFileReference; lastKnownFileType = sourcecode.c.h; path = EventHub.h; sourceTree = "<group>"; };
		D00E7D192171CD000085BBAF /* EventHub.cpp */ = {isa = PBXFileReference; lastKnownFileType = sourcecode.cpp.cpp; path = EventHub.cpp; sourceTree = "<group>"; };
		D00FAC5921731797007E215C /* EventDataTypes.h */ = {isa = PBXFileReference; lastKnownFileType = sourcecode.c.h; path = EventDataTypes.h; sourceTree = "<group>"; };
		D058CB6E217592160074ECB7 /* checked.h */ = {isa = PBXFileReference; fileEncoding = 4; lastKnownFileType = sourcecode.c.h; path = checked.h; sourceTree = "<group>"; };
		D058CB6F217592160074ECB7 /* core.h */ = {isa = PBXFileReference; fileEncoding = 4; lastKnownFileType = sourcecode.c.h; path = core.h; sourceTree = "<group>"; };
		D058CB70217592160074ECB7 /* unchecked.h */ = {isa = PBXFileReference; fileEncoding = 4; lastKnownFileType = sourcecode.c.h; path = unchecked.h; sourceTree = "<group>"; };
		D058CB71217592160074ECB7 /* utf8.h */ = {isa = PBXFileReference; fileEncoding = 4; lastKnownFileType = sourcecode.c.h; path = utf8.h; sourceTree = "<group>"; };
		D058CB7521766DE30074ECB7 /* Utils.h */ = {isa = PBXFileReference; lastKnownFileType = sourcecode.c.h; path = Utils.h; sourceTree = "<group>"; };
		D0B9FD57217128EC0097E97B /* ConnectingPopup.cpp */ = {isa = PBXFileReference; fileEncoding = 4; lastKnownFileType = sourcecode.cpp.cpp; path = ConnectingPopup.cpp; sourceTree = "<group>"; };
		D0B9FD58217128EC0097E97B /* RegCloudConnection.cpp */ = {isa = PBXFileReference; fileEncoding = 4; lastKnownFileType = sourcecode.cpp.cpp; path = RegCloudConnection.cpp; sourceTree = "<group>"; };
		D0B9FD59217128EC0097E97B /* MainMenuScene.h */ = {isa = PBXFileReference; fileEncoding = 4; lastKnownFileType = sourcecode.c.h; path = MainMenuScene.h; sourceTree = "<group>"; };
		D0B9FD5A217128EC0097E97B /* NetHeaders.h */ = {isa = PBXFileReference; fileEncoding = 4; lastKnownFileType = sourcecode.c.h; path = NetHeaders.h; sourceTree = "<group>"; };
		D0B9FD5B217128ED0097E97B /* RegisterLayer.h */ = {isa = PBXFileReference; fileEncoding = 4; lastKnownFileType = sourcecode.c.h; path = RegisterLayer.h; sourceTree = "<group>"; };
		D0B9FD5C217128ED0097E97B /* IntroScene.h */ = {isa = PBXFileReference; fileEncoding = 4; lastKnownFileType = sourcecode.c.h; path = IntroScene.h; sourceTree = "<group>"; };
		D0B9FD5D217128ED0097E97B /* CryptoLibrary.cpp */ = {isa = PBXFileReference; fileEncoding = 4; lastKnownFileType = sourcecode.cpp.cpp; path = CryptoLibrary.cpp; sourceTree = "<group>"; };
		D0B9FD5E217128ED0097E97B /* RegCloudConnection.h */ = {isa = PBXFileReference; fileEncoding = 4; lastKnownFileType = sourcecode.c.h; path = RegCloudConnection.h; sourceTree = "<group>"; };
		D0B9FD5F217128ED0097E97B /* LoginLayer.cpp */ = {isa = PBXFileReference; fileEncoding = 4; lastKnownFileType = sourcecode.cpp.cpp; path = LoginLayer.cpp; sourceTree = "<group>"; };
		D0B9FD60217128ED0097E97B /* CryptoLibrary.h */ = {isa = PBXFileReference; fileEncoding = 4; lastKnownFileType = sourcecode.c.h; path = CryptoLibrary.h; sourceTree = "<group>"; };
		D0B9FD62217128ED0097E97B /* RegCloud.h */ = {isa = PBXFileReference; fileEncoding = 4; lastKnownFileType = sourcecode.c.h; path = RegCloud.h; sourceTree = "<group>"; };
		D0B9FD63217128ED0097E97B /* MainMenuScene.cpp */ = {isa = PBXFileReference; fileEncoding = 4; lastKnownFileType = sourcecode.cpp.cpp; path = MainMenuScene.cpp; sourceTree = "<group>"; };
		D0B9FD64217128ED0097E97B /* LoginLayer.h */ = {isa = PBXFileReference; fileEncoding = 4; lastKnownFileType = sourcecode.c.h; path = LoginLayer.h; sourceTree = "<group>"; usesTabs = 1; };
		D0B9FD65217128ED0097E97B /* ConnectingPopup.h */ = {isa = PBXFileReference; fileEncoding = 4; lastKnownFileType = sourcecode.c.h; path = ConnectingPopup.h; sourceTree = "<group>"; };
		D0B9FD66217128ED0097E97B /* RegCloud.cpp */ = {isa = PBXFileReference; fileEncoding = 4; lastKnownFileType = sourcecode.cpp.cpp; path = RegCloud.cpp; sourceTree = "<group>"; usesTabs = 1; };
		D0B9FD67217128ED0097E97B /* RegisterLayer.cpp */ = {isa = PBXFileReference; fileEncoding = 4; lastKnownFileType = sourcecode.cpp.cpp; path = RegisterLayer.cpp; sourceTree = "<group>"; };
		D0B9FD68217128ED0097E97B /* IntroScene.cpp */ = {isa = PBXFileReference; fileEncoding = 4; lastKnownFileType = sourcecode.cpp.cpp; path = IntroScene.cpp; sourceTree = "<group>"; };
		D0B9FD7D21712FEF0097E97B /* pk.c */ = {isa = PBXFileReference; fileEncoding = 4; lastKnownFileType = sourcecode.c.c; name = pk.c; path = ../../cryptolib/pk.c; sourceTree = "<group>"; };
		D0B9FD7E21712FEF0097E97B /* oid.h */ = {isa = PBXFileReference; fileEncoding = 4; lastKnownFileType = sourcecode.c.h; name = oid.h; path = ../../cryptolib/oid.h; sourceTree = "<group>"; };
		D0B9FD7F21712FEF0097E97B /* md_wrap.c */ = {isa = PBXFileReference; fileEncoding = 4; lastKnownFileType = sourcecode.c.c; name = md_wrap.c; path = ../../cryptolib/md_wrap.c; sourceTree = "<group>"; };
		D0B9FD8021712FEF0097E97B /* pk_internal.h */ = {isa = PBXFileReference; fileEncoding = 4; lastKnownFileType = sourcecode.c.h; name = pk_internal.h; path = ../../cryptolib/pk_internal.h; sourceTree = "<group>"; };
		D0B9FD8121712FEF0097E97B /* entropy_poll.h */ = {isa = PBXFileReference; fileEncoding = 4; lastKnownFileType = sourcecode.c.h; name = entropy_poll.h; path = ../../cryptolib/entropy_poll.h; sourceTree = "<group>"; };
		D0B9FD8221712FEF0097E97B /* asn1.h */ = {isa = PBXFileReference; fileEncoding = 4; lastKnownFileType = sourcecode.c.h; name = asn1.h; path = ../../cryptolib/asn1.h; sourceTree = "<group>"; };
		D0B9FD8321712FEF0097E97B /* crypto_config.h */ = {isa = PBXFileReference; fileEncoding = 4; lastKnownFileType = sourcecode.c.h; name = crypto_config.h; path = ../../cryptolib/crypto_config.h; sourceTree = "<group>"; };
		D0B9FD8421712FEF0097E97B /* oid.c */ = {isa = PBXFileReference; fileEncoding = 4; lastKnownFileType = sourcecode.c.c; name = oid.c; path = ../../cryptolib/oid.c; sourceTree = "<group>"; };
		D0B9FD8521712FEF0097E97B /* aes_platform_uil.c */ = {isa = PBXFileReference; fileEncoding = 4; lastKnownFileType = sourcecode.c.c; name = aes_platform_uil.c; path = ../../cryptolib/aes_platform_uil.c; sourceTree = "<group>"; };
		D0B9FD8621712FEF0097E97B /* cipher_wrap.c */ = {isa = PBXFileReference; fileEncoding = 4; lastKnownFileType = sourcecode.c.c; name = cipher_wrap.c; path = ../../cryptolib/cipher_wrap.c; sourceTree = "<group>"; };
		D0B9FD8721712FEF0097E97B /* cipher.h */ = {isa = PBXFileReference; fileEncoding = 4; lastKnownFileType = sourcecode.c.h; name = cipher.h; path = ../../cryptolib/cipher.h; sourceTree = "<group>"; };
		D0B9FD8821712FEF0097E97B /* bignum.c */ = {isa = PBXFileReference; fileEncoding = 4; lastKnownFileType = sourcecode.c.c; name = bignum.c; path = ../../cryptolib/bignum.c; sourceTree = "<group>"; };
		D0B9FD8921712FEF0097E97B /* cipher.c */ = {isa = PBXFileReference; fileEncoding = 4; lastKnownFileType = sourcecode.c.c; name = cipher.c; path = ../../cryptolib/cipher.c; sourceTree = "<group>"; };
		D0B9FD8A21712FEF0097E97B /* aes.c */ = {isa = PBXFileReference; fileEncoding = 4; lastKnownFileType = sourcecode.c.c; name = aes.c; path = ../../cryptolib/aes.c; sourceTree = "<group>"; };
		D0B9FD8B21712FEF0097E97B /* rsa_internal.c */ = {isa = PBXFileReference; fileEncoding = 4; lastKnownFileType = sourcecode.c.c; name = rsa_internal.c; path = ../../cryptolib/rsa_internal.c; sourceTree = "<group>"; };
		D0B9FD8C21712FEF0097E97B /* crypto_platform_util.h */ = {isa = PBXFileReference; fileEncoding = 4; lastKnownFileType = sourcecode.c.h; name = crypto_platform_util.h; path = ../../cryptolib/crypto_platform_util.h; sourceTree = "<group>"; };
		D0B9FD8D21712FF00097E97B /* ctr_drbg.c */ = {isa = PBXFileReference; fileEncoding = 4; lastKnownFileType = sourcecode.c.c; name = ctr_drbg.c; path = ../../cryptolib/ctr_drbg.c; sourceTree = "<group>"; };
		D0B9FD8E21712FF00097E97B /* asn1write.c */ = {isa = PBXFileReference; fileEncoding = 4; lastKnownFileType = sourcecode.c.c; name = asn1write.c; path = ../../cryptolib/asn1write.c; sourceTree = "<group>"; };
		D0B9FD8F21712FF00097E97B /* ctr_drbg.h */ = {isa = PBXFileReference; fileEncoding = 4; lastKnownFileType = sourcecode.c.h; name = ctr_drbg.h; path = ../../cryptolib/ctr_drbg.h; sourceTree = "<group>"; };
		D0B9FD9021712FF00097E97B /* md.h */ = {isa = PBXFileReference; fileEncoding = 4; lastKnownFileType = sourcecode.c.h; name = md.h; path = ../../cryptolib/md.h; sourceTree = "<group>"; };
		D0B9FD9121712FF00097E97B /* sha256.c */ = {isa = PBXFileReference; fileEncoding = 4; lastKnownFileType = sourcecode.c.c; name = sha256.c; path = ../../cryptolib/sha256.c; sourceTree = "<group>"; };
		D0B9FD9221712FF00097E97B /* entropy.h */ = {isa = PBXFileReference; fileEncoding = 4; lastKnownFileType = sourcecode.c.h; name = entropy.h; path = ../../cryptolib/entropy.h; sourceTree = "<group>"; };
		D0B9FD9321712FF00097E97B /* sha256.h */ = {isa = PBXFileReference; fileEncoding = 4; lastKnownFileType = sourcecode.c.h; name = sha256.h; path = ../../cryptolib/sha256.h; sourceTree = "<group>"; };
		D0B9FD9421712FF00097E97B /* pk_wrap.c */ = {isa = PBXFileReference; fileEncoding = 4; lastKnownFileType = sourcecode.c.c; name = pk_wrap.c; path = ../../cryptolib/pk_wrap.c; sourceTree = "<group>"; };
		D0B9FD9521712FF00097E97B /* rsa.c */ = {isa = PBXFileReference; fileEncoding = 4; lastKnownFileType = sourcecode.c.c; name = rsa.c; path = ../../cryptolib/rsa.c; sourceTree = "<group>"; };
		D0B9FD9621712FF00097E97B /* asn1parse.c */ = {isa = PBXFileReference; fileEncoding = 4; lastKnownFileType = sourcecode.c.c; name = asn1parse.c; path = ../../cryptolib/asn1parse.c; sourceTree = "<group>"; };
		D0B9FD9721712FF00097E97B /* md.c */ = {isa = PBXFileReference; fileEncoding = 4; lastKnownFileType = sourcecode.c.c; name = md.c; path = ../../cryptolib/md.c; sourceTree = "<group>"; };
		D0B9FD9821712FF00097E97B /* md_internal.h */ = {isa = PBXFileReference; fileEncoding = 4; lastKnownFileType = sourcecode.c.h; name = md_internal.h; path = ../../cryptolib/md_internal.h; sourceTree = "<group>"; };
		D0B9FD9921712FF00097E97B /* aes.h */ = {isa = PBXFileReference; fileEncoding = 4; lastKnownFileType = sourcecode.c.h; name = aes.h; path = ../../cryptolib/aes.h; sourceTree = "<group>"; };
		D0B9FD9A21712FF00097E97B /* cipher_internal.h */ = {isa = PBXFileReference; fileEncoding = 4; lastKnownFileType = sourcecode.c.h; name = cipher_internal.h; path = ../../cryptolib/cipher_internal.h; sourceTree = "<group>"; };
		D0B9FD9B21712FF00097E97B /* entropy_poll.c */ = {isa = PBXFileReference; fileEncoding = 4; lastKnownFileType = sourcecode.c.c; name = entropy_poll.c; path = ../../cryptolib/entropy_poll.c; sourceTree = "<group>"; };
		D0B9FD9C21712FF00097E97B /* rsa_internal.h */ = {isa = PBXFileReference; fileEncoding = 4; lastKnownFileType = sourcecode.c.h; name = rsa_internal.h; path = ../../cryptolib/rsa_internal.h; sourceTree = "<group>"; };
		D0B9FD9D21712FF00097E97B /* bignum.h */ = {isa = PBXFileReference; fileEncoding = 4; lastKnownFileType = sourcecode.c.h; name = bignum.h; path = ../../cryptolib/bignum.h; sourceTree = "<group>"; };
		D0B9FD9E21712FF10097E97B /* rsa.h */ = {isa = PBXFileReference; fileEncoding = 4; lastKnownFileType = sourcecode.c.h; name = rsa.h; path = ../../cryptolib/rsa.h; sourceTree = "<group>"; };
		D0B9FD9F21712FF10097E97B /* entropy.c */ = {isa = PBXFileReference; fileEncoding = 4; lastKnownFileType = sourcecode.c.c; name = entropy.c; path = ../../cryptolib/entropy.c; sourceTree = "<group>"; };
		D0B9FDA021712FF10097E97B /* bn_mul.h */ = {isa = PBXFileReference; fileEncoding = 4; lastKnownFileType = sourcecode.c.h; name = bn_mul.h; path = ../../cryptolib/bn_mul.h; sourceTree = "<group>"; };
		D0B9FDA121712FF10097E97B /* pk.h */ = {isa = PBXFileReference; fileEncoding = 4; lastKnownFileType = sourcecode.c.h; name = pk.h; path = ../../cryptolib/pk.h; sourceTree = "<group>"; };
		D0B9FDC82171678C0097E97B /* sdkbox_config.json */ = {isa = PBXFileReference; fileEncoding = 4; lastKnownFileType = text.json; path = sdkbox_config.json; sourceTree = "<group>"; };
		D0B9FDCA2171678C0097E97B /* dev_button_cancel.png */ = {isa = PBXFileReference; lastKnownFileType = image.png; path = dev_button_cancel.png; sourceTree = "<group>"; };
		D0B9FDCB2171678C0097E97B /* dev_button_create_account.png */ = {isa = PBXFileReference; lastKnownFileType = image.png; path = dev_button_create_account.png; sourceTree = "<group>"; };
		D0B9FDCC2171678C0097E97B /* editbox_bg.png */ = {isa = PBXFileReference; lastKnownFileType = image.png; path = editbox_bg.png; sourceTree = "<group>"; };
		D0B9FDCD2171678C0097E97B /* menu_background.png */ = {isa = PBXFileReference; lastKnownFileType = image.png; path = menu_background.png; sourceTree = "<group>"; };
		D0B9FDCE2171678C0097E97B /* dev_button_register.png */ = {isa = PBXFileReference; lastKnownFileType = image.png; path = dev_button_register.png; sourceTree = "<group>"; };
		D0B9FDCF2171678C0097E97B /* dev_button_login.png */ = {isa = PBXFileReference; lastKnownFileType = image.png; path = dev_button_login.png; sourceTree = "<group>"; };
		D44C620B132DFF330009C878 /* OpenAL.framework */ = {isa = PBXFileReference; lastKnownFileType = wrapper.framework; name = OpenAL.framework; path = System/Library/Frameworks/OpenAL.framework; sourceTree = SDKROOT; };
		D44C620D132DFF430009C878 /* AVFoundation.framework */ = {isa = PBXFileReference; lastKnownFileType = wrapper.framework; name = AVFoundation.framework; path = System/Library/Frameworks/AVFoundation.framework; sourceTree = SDKROOT; };
		D44C620F132DFF4E0009C878 /* AudioToolbox.framework */ = {isa = PBXFileReference; lastKnownFileType = wrapper.framework; name = AudioToolbox.framework; path = System/Library/Frameworks/AudioToolbox.framework; sourceTree = SDKROOT; };
		D6B0611A1803AB670077942B /* CoreMotion.framework */ = {isa = PBXFileReference; lastKnownFileType = wrapper.framework; name = CoreMotion.framework; path = Platforms/iPhoneOS.platform/Developer/SDKs/iPhoneOS.sdk/System/Library/Frameworks/CoreMotion.framework; sourceTree = DEVELOPER_DIR; };
		ED545A7B1B68A1F400C3958E /* libiconv.dylib */ = {isa = PBXFileReference; lastKnownFileType = "compiled.mach-o.dylib"; name = libiconv.dylib; path = Platforms/iPhoneOS.platform/Developer/SDKs/iPhoneOS.sdk/usr/lib/libiconv.dylib; sourceTree = DEVELOPER_DIR; };
		ED545A7D1B68A1FA00C3958E /* libiconv.dylib */ = {isa = PBXFileReference; lastKnownFileType = "compiled.mach-o.dylib"; name = libiconv.dylib; path = usr/lib/libiconv.dylib; sourceTree = SDKROOT; };
/* End PBXFileReference section */

/* Begin PBXFrameworksBuildPhase section */
		1D60588F0D05DD3D006BFB54 /* Frameworks */ = {
			isa = PBXFrameworksBuildPhase;
			buildActionMask = 2147483647;
			files = (
				294D0D641D0D56D500F7F5D4 /* CoreText.framework in Frameworks */,
				ED545A7C1B68A1F400C3958E /* libiconv.dylib in Frameworks */,
				52B47A471A53D09C004E4C60 /* Security.framework in Frameworks */,
				1AC6FB30180E99EB004C840B /* libcocos2d iOS.a in Frameworks */,
				D6B0611B1803AB670077942B /* CoreMotion.framework in Frameworks */,
				1D60589F0D05DD5A006BFB54 /* Foundation.framework in Frameworks */,
				1DF5F4E00D08C38300B7A737 /* UIKit.framework in Frameworks */,
				288765A50DF7441C002DB57D /* CoreGraphics.framework in Frameworks */,
				BF171245129291EC00B8313A /* OpenGLES.framework in Frameworks */,
				BF1712471292920000B8313A /* libz.dylib in Frameworks */,
				BF1C47F01293687400B63C5D /* QuartzCore.framework in Frameworks */,
				D44C620C132DFF330009C878 /* OpenAL.framework in Frameworks */,
				D44C620E132DFF430009C878 /* AVFoundation.framework in Frameworks */,
				D44C6210132DFF4E0009C878 /* AudioToolbox.framework in Frameworks */,
			);
			runOnlyForDeploymentPostprocessing = 0;
		};
		5087E75C17EB910900C73F5D /* Frameworks */ = {
			isa = PBXFrameworksBuildPhase;
			buildActionMask = 2147483647;
			files = (
				ED545A7E1B68A1FA00C3958E /* libiconv.dylib in Frameworks */,
				1AC6FB21180E996B004C840B /* libcocos2d Mac.a in Frameworks */,
				5087E76717EB910900C73F5D /* libz.dylib in Frameworks */,
				8262943E1AAF051F00CB7CF7 /* Security.framework in Frameworks */,
				503AE11B17EB9C5A00D1A890 /* IOKit.framework in Frameworks */,
				5087E78B17EB975400C73F5D /* OpenGL.framework in Frameworks */,
				5087E78917EB974C00C73F5D /* AppKit.framework in Frameworks */,
				5087E76317EB910900C73F5D /* Foundation.framework in Frameworks */,
				5087E76817EB910900C73F5D /* QuartzCore.framework in Frameworks */,
				5087E76917EB910900C73F5D /* OpenAL.framework in Frameworks */,
				5087E76A17EB910900C73F5D /* AVFoundation.framework in Frameworks */,
				5087E76B17EB910900C73F5D /* AudioToolbox.framework in Frameworks */,
			);
			runOnlyForDeploymentPostprocessing = 0;
		};
/* End PBXFrameworksBuildPhase section */

/* Begin PBXGroup section */
		19C28FACFE9D520D11CA2CBB /* Products */ = {
			isa = PBXGroup;
			children = (
				1D6058910D05DD3D006BFB54 /* Regicide-mobile.app */,
				5087E76F17EB910900C73F5D /* Regicide-desktop.app */,
			);
			name = Products;
			sourceTree = "<group>";
		};
		1AC6FAE6180E9839004C840B /* Products */ = {
			isa = PBXGroup;
			children = (
				1AC6FAF9180E9839004C840B /* libcocos2d Mac.a */,
				1AC6FB07180E9839004C840B /* libcocos2d iOS.a */,
				1A7533E31F6F75F6007E8E6F /* libcocos2d tvOS.a */,
			);
			name = Products;
			sourceTree = "<group>";
		};
		1AF87B461F6F77D6007BE51C /* ios */ = {
			isa = PBXGroup;
			children = (
				1A88B2631FC3D9C9005C14AE /* Images.xcassets */,
				1AF87B471F6F77D6007BE51C /* AppController.h */,
				1AF87B481F6F77D6007BE51C /* AppController.mm */,
				1AF87B581F6F77D6007BE51C /* Info.plist */,
				1AF87B591F6F77D6007BE51C /* LaunchScreen.storyboard */,
				1AF87B5A1F6F77D6007BE51C /* LaunchScreenBackground.png */,
				1AF87B5B1F6F77D6007BE51C /* main.m */,
				1AF87B5C1F6F77D6007BE51C /* Prefix.pch */,
				1AF87B5D1F6F77D6007BE51C /* RootViewController.h */,
				1AF87B5E1F6F77D6007BE51C /* RootViewController.mm */,
			);
			path = ios;
			sourceTree = "<group>";
		};
		29B97314FDCFA39411CA2CEA /* CustomTemplate */ = {
			isa = PBXGroup;
			children = (
				D058CB6C217592160074ECB7 /* utf8 */,
				D0B9FD7C21712FCA0097E97B /* cryptolib */,
				46880B8319C43A87006E1F66 /* Classes */,
				1AC6FAE5180E9839004C840B /* cocos2d_libs.xcodeproj */,
				29B97323FDCFA39411CA2CEA /* Frameworks */,
				1AF87B461F6F77D6007BE51C /* ios */,
				503AE10617EB990700D1A890 /* mac */,
				19C28FACFE9D520D11CA2CBB /* Products */,
			);
			name = CustomTemplate;
			sourceTree = "<group>";
		};
		29B97323FDCFA39411CA2CEA /* Frameworks */ = {
			isa = PBXGroup;
			children = (
				294D0D631D0D56D500F7F5D4 /* CoreText.framework */,
				ED545A7D1B68A1FA00C3958E /* libiconv.dylib */,
				ED545A7B1B68A1F400C3958E /* libiconv.dylib */,
				8262943D1AAF051F00CB7CF7 /* Security.framework */,
				52B47A461A53D09B004E4C60 /* Security.framework */,
				D6B0611A1803AB670077942B /* CoreMotion.framework */,
				503AE11A17EB9C5A00D1A890 /* IOKit.framework */,
				503AE11117EB99EE00D1A890 /* libcurl.dylib */,
				5087E78A17EB975400C73F5D /* OpenGL.framework */,
				5087E78817EB974C00C73F5D /* AppKit.framework */,
				1ACB3243164770DE00914215 /* libcurl.a */,
				BF170DB412928DE900B8313A /* libz.dylib */,
				D44C620F132DFF4E0009C878 /* AudioToolbox.framework */,
				D44C620D132DFF430009C878 /* AVFoundation.framework */,
				288765A40DF7441C002DB57D /* CoreGraphics.framework */,
				1D30AB110D05D00D00671497 /* Foundation.framework */,
				D44C620B132DFF330009C878 /* OpenAL.framework */,
				BF170DB012928DE900B8313A /* OpenGLES.framework */,
				BF1C47EA1293683800B63C5D /* QuartzCore.framework */,
				1DF5F4DF0D08C38300B7A737 /* UIKit.framework */,
			);
			name = Frameworks;
			sourceTree = "<group>";
		};
		46880B7519C43A67006E1F66 /* Resources */ = {
			isa = PBXGroup;
			children = (
				D0B9FDCA2171678C0097E97B /* dev_button_cancel.png */,
				D0B9FDCB2171678C0097E97B /* dev_button_create_account.png */,
				D0B9FDCF2171678C0097E97B /* dev_button_login.png */,
				D0B9FDCE2171678C0097E97B /* dev_button_register.png */,
				D0B9FDCC2171678C0097E97B /* editbox_bg.png */,
				D0B9FDCD2171678C0097E97B /* menu_background.png */,
				D0B9FDC82171678C0097E97B /* sdkbox_config.json */,
				521A8EA819F11F5000D177D7 /* fonts */,
				3EACC98E19EE6D4300EB3C5E /* res */,
				46880B7619C43A67006E1F66 /* CloseNormal.png */,
				46880B7719C43A67006E1F66 /* CloseSelected.png */,
				46880B7A19C43A67006E1F66 /* HelloWorld.png */,
			);
			path = Resources;
			sourceTree = "<group>";
		};
		46880B8319C43A87006E1F66 /* Classes */ = {
			isa = PBXGroup;
			children = (
				D0B9FD57217128EC0097E97B /* ConnectingPopup.cpp */,
				D0B9FD65217128ED0097E97B /* ConnectingPopup.h */,
				D0B9FD5D217128ED0097E97B /* CryptoLibrary.cpp */,
				D0B9FD60217128ED0097E97B /* CryptoLibrary.h */,
				D0B9FD68217128ED0097E97B /* IntroScene.cpp */,
				D0B9FD5C217128ED0097E97B /* IntroScene.h */,
				D0B9FD5F217128ED0097E97B /* LoginLayer.cpp */,
				D0B9FD64217128ED0097E97B /* LoginLayer.h */,
				D0B9FD63217128ED0097E97B /* MainMenuScene.cpp */,
				D0B9FD59217128EC0097E97B /* MainMenuScene.h */,
				D0B9FD5A217128EC0097E97B /* NetHeaders.h */,
				D0B9FD66217128ED0097E97B /* RegCloud.cpp */,
				D0B9FD62217128ED0097E97B /* RegCloud.h */,
				D0B9FD58217128EC0097E97B /* RegCloudConnection.cpp */,
				D0B9FD5E217128ED0097E97B /* RegCloudConnection.h */,
				D0B9FD67217128ED0097E97B /* RegisterLayer.cpp */,
				D0B9FD5B217128ED0097E97B /* RegisterLayer.h */,
				D00FAC5921731797007E215C /* EventDataTypes.h */,
				46880B8419C43A87006E1F66 /* AppDelegate.cpp */,
				46880B8519C43A87006E1F66 /* AppDelegate.h */,
				46880B8619C43A87006E1F66 /* HelloWorldScene.cpp */,
				46880B8719C43A87006E1F66 /* HelloWorldScene.h */,
				D00E7D172171CCD80085BBAF /* EventHub.h */,
				D00E7D192171CD000085BBAF /* EventHub.cpp */,
				D058CB7521766DE30074ECB7 /* Utils.h */,
				46880B7519C43A67006E1F66 /* Resources */,
			);
			name = Classes;
			path = ../Classes;
			sourceTree = "<group>";
		};
		503AE0F517EB97AB00D1A890 /* Icons */ = {
			isa = PBXGroup;
			children = (
				503AE0F617EB97AB00D1A890 /* Icon.icns */,
				503AE0F717EB97AB00D1A890 /* Info.plist */,
			);
			name = Icons;
			path = mac;
			sourceTree = SOURCE_ROOT;
		};
		503AE10617EB990700D1A890 /* mac */ = {
			isa = PBXGroup;
			children = (
				503AE0F517EB97AB00D1A890 /* Icons */,
				503AE10317EB98FF00D1A890 /* main.cpp */,
				503AE10417EB98FF00D1A890 /* Prefix.pch */,
			);
			name = mac;
			sourceTree = "<group>";
		};
		D058CB6C217592160074ECB7 /* utf8 */ = {
			isa = PBXGroup;
			children = (
				D058CB6D217592160074ECB7 /* utf8 */,
				D058CB71217592160074ECB7 /* utf8.h */,
			);
			name = utf8;
			path = ../utf8;
			sourceTree = "<group>";
		};
		D058CB6D217592160074ECB7 /* utf8 */ = {
			isa = PBXGroup;
			children = (
				D058CB6E217592160074ECB7 /* checked.h */,
				D058CB6F217592160074ECB7 /* core.h */,
				D058CB70217592160074ECB7 /* unchecked.h */,
			);
			path = utf8;
			sourceTree = "<group>";
		};
		D0B9FD7C21712FCA0097E97B /* cryptolib */ = {
			isa = PBXGroup;
			children = (
				D0B9FD8521712FEF0097E97B /* aes_platform_uil.c */,
				D0B9FD8A21712FEF0097E97B /* aes.c */,
				D0B9FD9921712FF00097E97B /* aes.h */,
				D0B9FD8221712FEF0097E97B /* asn1.h */,
				D0B9FD9621712FF00097E97B /* asn1parse.c */,
				D0B9FD8E21712FF00097E97B /* asn1write.c */,
				D0B9FD8821712FEF0097E97B /* bignum.c */,
				D0B9FD9D21712FF00097E97B /* bignum.h */,
				D0B9FDA021712FF10097E97B /* bn_mul.h */,
				D0B9FD9A21712FF00097E97B /* cipher_internal.h */,
				D0B9FD8621712FEF0097E97B /* cipher_wrap.c */,
				D0B9FD8921712FEF0097E97B /* cipher.c */,
				D0B9FD8721712FEF0097E97B /* cipher.h */,
				D0B9FD8321712FEF0097E97B /* crypto_config.h */,
				D0B9FD8C21712FEF0097E97B /* crypto_platform_util.h */,
				D0B9FD8D21712FF00097E97B /* ctr_drbg.c */,
				D0B9FD8F21712FF00097E97B /* ctr_drbg.h */,
				D0B9FD9B21712FF00097E97B /* entropy_poll.c */,
				D0B9FD8121712FEF0097E97B /* entropy_poll.h */,
				D0B9FD9F21712FF10097E97B /* entropy.c */,
				D0B9FD9221712FF00097E97B /* entropy.h */,
				D0B9FD9821712FF00097E97B /* md_internal.h */,
				D0B9FD7F21712FEF0097E97B /* md_wrap.c */,
				D0B9FD9721712FF00097E97B /* md.c */,
				D0B9FD9021712FF00097E97B /* md.h */,
				D0B9FD8421712FEF0097E97B /* oid.c */,
				D0B9FD7E21712FEF0097E97B /* oid.h */,
				D0B9FD8021712FEF0097E97B /* pk_internal.h */,
				D0B9FD9421712FF00097E97B /* pk_wrap.c */,
				D0B9FD7D21712FEF0097E97B /* pk.c */,
				D0B9FDA121712FF10097E97B /* pk.h */,
				D0B9FD8B21712FEF0097E97B /* rsa_internal.c */,
				D0B9FD9C21712FF00097E97B /* rsa_internal.h */,
				D0B9FD9521712FF00097E97B /* rsa.c */,
				D0B9FD9E21712FF10097E97B /* rsa.h */,
				D0B9FD9121712FF00097E97B /* sha256.c */,
				D0B9FD9321712FF00097E97B /* sha256.h */,
			);
			path = cryptolib;
			sourceTree = "<group>";
		};
/* End PBXGroup section */

/* Begin PBXNativeTarget section */
		1D6058900D05DD3D006BFB54 /* Regicide-mobile */ = {
			isa = PBXNativeTarget;
			buildConfigurationList = 1D6058960D05DD3E006BFB54 /* Build configuration list for PBXNativeTarget "Regicide-mobile" */;
			buildPhases = (
				1D60588D0D05DD3D006BFB54 /* Resources */,
				1D60588E0D05DD3D006BFB54 /* Sources */,
				1D60588F0D05DD3D006BFB54 /* Frameworks */,
			);
			buildRules = (
			);
			dependencies = (
				1AC6FB25180E99E1004C840B /* PBXTargetDependency */,
			);
			name = "Regicide-mobile";
			productName = iphone;
			productReference = 1D6058910D05DD3D006BFB54 /* Regicide-mobile.app */;
			productType = "com.apple.product-type.application";
		};
		5087E73D17EB910900C73F5D /* Regicide-desktop */ = {
			isa = PBXNativeTarget;
			buildConfigurationList = 5087E76C17EB910900C73F5D /* Build configuration list for PBXNativeTarget "Regicide-desktop" */;
			buildPhases = (
				5087E74817EB910900C73F5D /* Resources */,
				5087E75617EB910900C73F5D /* Sources */,
				5087E75C17EB910900C73F5D /* Frameworks */,
			);
			buildRules = (
			);
			dependencies = (
				1AC6FB16180E9959004C840B /* PBXTargetDependency */,
			);
			name = "Regicide-desktop";
			productName = iphone;
			productReference = 5087E76F17EB910900C73F5D /* Regicide-desktop.app */;
			productType = "com.apple.product-type.application";
		};
/* End PBXNativeTarget section */

/* Begin PBXProject section */
		29B97313FDCFA39411CA2CEA /* Project object */ = {
			isa = PBXProject;
			attributes = {
				LastUpgradeCheck = 0500;
			};
			buildConfigurationList = C01FCF4E08A954540054247B /* Build configuration list for PBXProject "Regicide" */;
			compatibilityVersion = "Xcode 3.2";
			developmentRegion = English;
			hasScannedForEncodings = 1;
			knownRegions = (
				English,
				Japanese,
				French,
				German,
			);
			mainGroup = 29B97314FDCFA39411CA2CEA /* CustomTemplate */;
			projectDirPath = "";
			projectReferences = (
				{
					ProductGroup = 1AC6FAE6180E9839004C840B /* Products */;
					ProjectRef = 1AC6FAE5180E9839004C840B /* cocos2d_libs.xcodeproj */;
				},
			);
			projectRoot = "";
			targets = (
				1D6058900D05DD3D006BFB54 /* Regicide-mobile */,
				5087E73D17EB910900C73F5D /* Regicide-desktop */,
			);
		};
/* End PBXProject section */

/* Begin PBXReferenceProxy section */
		1A7533E31F6F75F6007E8E6F /* libcocos2d tvOS.a */ = {
			isa = PBXReferenceProxy;
			fileType = archive.ar;
			path = "libcocos2d tvOS.a";
			remoteRef = 1A7533E21F6F75F6007E8E6F /* PBXContainerItemProxy */;
			sourceTree = BUILT_PRODUCTS_DIR;
		};
		1AC6FAF9180E9839004C840B /* libcocos2d Mac.a */ = {
			isa = PBXReferenceProxy;
			fileType = archive.ar;
			path = "libcocos2d Mac.a";
			remoteRef = 1AC6FAF8180E9839004C840B /* PBXContainerItemProxy */;
			sourceTree = BUILT_PRODUCTS_DIR;
		};
		1AC6FB07180E9839004C840B /* libcocos2d iOS.a */ = {
			isa = PBXReferenceProxy;
			fileType = archive.ar;
			path = "libcocos2d iOS.a";
			remoteRef = 1AC6FB06180E9839004C840B /* PBXContainerItemProxy */;
			sourceTree = BUILT_PRODUCTS_DIR;
		};
/* End PBXReferenceProxy section */

/* Begin PBXResourcesBuildPhase section */
		1D60588D0D05DD3D006BFB54 /* Resources */ = {
			isa = PBXResourcesBuildPhase;
			buildActionMask = 2147483647;
			files = (
				46880B8119C43A67006E1F66 /* HelloWorld.png in Resources */,
				1A88B2641FC3D9C9005C14AE /* Images.xcassets in Resources */,
				46880B7D19C43A67006E1F66 /* CloseSelected.png in Resources */,
				521A8EA919F11F5000D177D7 /* fonts in Resources */,
				3EACC98F19EE6D4300EB3C5E /* res in Resources */,
				D0B9FDD22171678C0097E97B /* dev_button_cancel.png in Resources */,
				D0B9FDD42171678C0097E97B /* dev_button_create_account.png in Resources */,
				D0B9FDD02171678C0097E97B /* sdkbox_config.json in Resources */,
				D0B9FDDC2171678C0097E97B /* dev_button_login.png in Resources */,
				D0B9FDD62171678C0097E97B /* editbox_bg.png in Resources */,
				1AF87B891F6F781D007BE51C /* LaunchScreenBackground.png in Resources */,
				D0B9FDDA2171678C0097E97B /* dev_button_register.png in Resources */,
				46880B7B19C43A67006E1F66 /* CloseNormal.png in Resources */,
				1AF87B881F6F781D007BE51C /* LaunchScreen.storyboard in Resources */,
				D0B9FDD82171678C0097E97B /* menu_background.png in Resources */,
			);
			runOnlyForDeploymentPostprocessing = 0;
		};
		5087E74817EB910900C73F5D /* Resources */ = {
			isa = PBXResourcesBuildPhase;
			buildActionMask = 2147483647;
			files = (
				D0B9FDD92171678C0097E97B /* menu_background.png in Resources */,
				D0B9FDD72171678C0097E97B /* editbox_bg.png in Resources */,
				D0B9FDDD2171678C0097E97B /* dev_button_login.png in Resources */,
				D0B9FDD12171678C0097E97B /* sdkbox_config.json in Resources */,
				46880B8219C43A67006E1F66 /* HelloWorld.png in Resources */,
				D0B9FDDB2171678C0097E97B /* dev_button_register.png in Resources */,
				503AE0F817EB97AB00D1A890 /* Icon.icns in Resources */,
				3EACC99019EE6D4300EB3C5E /* res in Resources */,
				D0B9FDD52171678C0097E97B /* dev_button_create_account.png in Resources */,
				521A8EAA19F11F5000D177D7 /* fonts in Resources */,
				46880B7C19C43A67006E1F66 /* CloseNormal.png in Resources */,
				46880B7E19C43A67006E1F66 /* CloseSelected.png in Resources */,
				D0B9FDD32171678C0097E97B /* dev_button_cancel.png in Resources */,
			);
			runOnlyForDeploymentPostprocessing = 0;
		};
/* End PBXResourcesBuildPhase section */

/* Begin PBXSourcesBuildPhase section */
		1D60588E0D05DD3D006BFB54 /* Sources */ = {
			isa = PBXSourcesBuildPhase;
			buildActionMask = 2147483647;
			files = (
				D0B9FDA221712FF10097E97B /* pk.c in Sources */,
				D0B9FDC421712FF10097E97B /* entropy.c in Sources */,
				D0B9FDB221712FF10097E97B /* rsa_internal.c in Sources */,
				D0B9FDB621712FF10097E97B /* asn1write.c in Sources */,
				D0B9FD77217128ED0097E97B /* RegisterLayer.cpp in Sources */,
				D0B9FDA621712FF10097E97B /* oid.c in Sources */,
				D0B9FD79217128ED0097E97B /* IntroScene.cpp in Sources */,
				D0B9FDAC21712FF10097E97B /* bignum.c in Sources */,
				D0B9FD6D217128ED0097E97B /* CryptoLibrary.cpp in Sources */,
				D0B9FDC221712FF10097E97B /* entropy_poll.c in Sources */,
				D0B9FD6B217128ED0097E97B /* RegCloudConnection.cpp in Sources */,
				D0B9FD75217128ED0097E97B /* RegCloud.cpp in Sources */,
				D0B9FDAE21712FF10097E97B /* cipher.c in Sources */,
				D0B9FDB021712FF10097E97B /* aes.c in Sources */,
				D0B9FDA821712FF10097E97B /* aes_platform_uil.c in Sources */,
				D0B9FD69217128ED0097E97B /* ConnectingPopup.cpp in Sources */,
				D0B9FDC021712FF10097E97B /* md.c in Sources */,
				1AF87B781F6F77F7007BE51C /* AppController.mm in Sources */,
				D0B9FDB821712FF10097E97B /* sha256.c in Sources */,
				D0B9FDAA21712FF10097E97B /* cipher_wrap.c in Sources */,
				D0B9FD6F217128ED0097E97B /* LoginLayer.cpp in Sources */,
				D0B9FDA421712FF10097E97B /* md_wrap.c in Sources */,
				1AF87B8B1F6F782A007BE51C /* RootViewController.mm in Sources */,
				D0B9FDBA21712FF10097E97B /* pk_wrap.c in Sources */,
				D0B9FDBC21712FF10097E97B /* rsa.c in Sources */,
				46880B8819C43A87006E1F66 /* AppDelegate.cpp in Sources */,
				1AF87B8A1F6F7822007BE51C /* main.m in Sources */,
				46880B8A19C43A87006E1F66 /* HelloWorldScene.cpp in Sources */,
				D0B9FDB421712FF10097E97B /* ctr_drbg.c in Sources */,
				D0B9FDBE21712FF10097E97B /* asn1parse.c in Sources */,
				D00E7D1A2171CD000085BBAF /* EventHub.cpp in Sources */,
				D0B9FD73217128ED0097E97B /* MainMenuScene.cpp in Sources */,
			);
			runOnlyForDeploymentPostprocessing = 0;
		};
		5087E75617EB910900C73F5D /* Sources */ = {
			isa = PBXSourcesBuildPhase;
			buildActionMask = 2147483647;
			files = (
				D0B9FDA921712FF10097E97B /* aes_platform_uil.c in Sources */,
				D0B9FDA321712FF10097E97B /* pk.c in Sources */,
				D0B9FDAB21712FF10097E97B /* cipher_wrap.c in Sources */,
				D0B9FD70217128ED0097E97B /* LoginLayer.cpp in Sources */,
				D0B9FDB721712FF10097E97B /* asn1write.c in Sources */,
				D0B9FDAF21712FF10097E97B /* cipher.c in Sources */,
				D0B9FD74217128ED0097E97B /* MainMenuScene.cpp in Sources */,
				D0B9FDC121712FF10097E97B /* md.c in Sources */,
				D0B9FD6E217128ED0097E97B /* CryptoLibrary.cpp in Sources */,
				D0B9FDA721712FF10097E97B /* oid.c in Sources */,
				D00E7D1B2171CD000085BBAF /* EventHub.cpp in Sources */,
				D0B9FD76217128ED0097E97B /* RegCloud.cpp in Sources */,
				D0B9FDB321712FF10097E97B /* rsa_internal.c in Sources */,
				D0B9FDB921712FF10097E97B /* sha256.c in Sources */,
				D0B9FDB121712FF10097E97B /* aes.c in Sources */,
				D0B9FDC321712FF10097E97B /* entropy_poll.c in Sources */,
				D0B9FD6A217128ED0097E97B /* ConnectingPopup.cpp in Sources */,
				D0B9FDC521712FF10097E97B /* entropy.c in Sources */,
				D0B9FDBD21712FF10097E97B /* rsa.c in Sources */,
				D0B9FDBB21712FF10097E97B /* pk_wrap.c in Sources */,
				D0B9FDBF21712FF10097E97B /* asn1parse.c in Sources */,
				D0B9FD6C217128ED0097E97B /* RegCloudConnection.cpp in Sources */,
				D0B9FD78217128ED0097E97B /* RegisterLayer.cpp in Sources */,
				46880B8919C43A87006E1F66 /* AppDelegate.cpp in Sources */,
				D0B9FD7A217128ED0097E97B /* IntroScene.cpp in Sources */,
				D0B9FDB521712FF10097E97B /* ctr_drbg.c in Sources */,
				503AE10517EB98FF00D1A890 /* main.cpp in Sources */,
				D0B9FDA521712FF10097E97B /* md_wrap.c in Sources */,
				D0B9FDAD21712FF10097E97B /* bignum.c in Sources */,
				46880B8B19C43A87006E1F66 /* HelloWorldScene.cpp in Sources */,
			);
			runOnlyForDeploymentPostprocessing = 0;
		};
/* End PBXSourcesBuildPhase section */

/* Begin PBXTargetDependency section */
		1AC6FB16180E9959004C840B /* PBXTargetDependency */ = {
			isa = PBXTargetDependency;
			name = "cocos2dx Mac";
			targetProxy = 1AC6FB15180E9959004C840B /* PBXContainerItemProxy */;
		};
		1AC6FB25180E99E1004C840B /* PBXTargetDependency */ = {
			isa = PBXTargetDependency;
			name = "cocos2dx iOS";
			targetProxy = 1AC6FB24180E99E1004C840B /* PBXContainerItemProxy */;
		};
/* End PBXTargetDependency section */

/* Begin XCBuildConfiguration section */
		1D6058940D05DD3E006BFB54 /* Debug */ = {
			isa = XCBuildConfiguration;
			buildSettings = {
				ALWAYS_SEARCH_USER_PATHS = YES;
				ASSETCATALOG_COMPILER_APPICON_NAME = AppIcon;
				CODE_SIGN_IDENTITY = "iPhone Developer";
				COMPRESS_PNG_FILES = NO;
				ENABLE_BITCODE = NO;
				GCC_DYNAMIC_NO_PIC = NO;
				GCC_INLINES_ARE_PRIVATE_EXTERN = NO;
				GCC_PRECOMPILE_PREFIX_HEADER = YES;
				GCC_PREFIX_HEADER = ios/Prefix.pch;
				GCC_PREPROCESSOR_DEFINITIONS = (
					USE_FILE32API,
					"COCOS2D_DEBUG=1",
					"CC_ENABLE_CHIPMUNK_INTEGRATION=1",
					ASIO_STANDALONE,
					REG_LOCALE_ENGLISH,
				);
				GCC_SYMBOLS_PRIVATE_EXTERN = NO;
				HEADER_SEARCH_PATHS = "$(inherited)";
				INFOPLIST_FILE = ios/Info.plist;
				IPHONEOS_DEPLOYMENT_TARGET = 6.0;
				LIBRARY_SEARCH_PATHS = "";
				"LIBRARY_SEARCH_PATHS[arch=*]" = (
					/Volumes/ExternalDrive/Regicide/Regicide/Regicide/Asio/include,
					/Volumes/ExternalDrive/Regicide/Regicide/Regicide/cryptolib,
				);
				OTHER_LDFLAGS = (
					"$(_COCOS_LIB_IOS_BEGIN)",
					"$(_COCOS_LIB_IOS_END)",
				);
				SDKROOT = iphoneos;
				STRIP_PNG_TEXT = NO;
				TARGETED_DEVICE_FAMILY = "1,2";
				USER_HEADER_SEARCH_PATHS = "$(_COCOS_HEADER_IOS_BEGIN) $(_COCOS_HEADER_IOS_END)";
				"USER_HEADER_SEARCH_PATHS[arch=*]" = "/Volumes/ExternalDrive/Regicide/Regicide/Regicide/cryptolib /Volumes/ExternalDrive/Regicide/Regicide/Regicide/Asio/include /Volumes/ExternalDrive/Regicide/Regicide/Regicide/utf8";
				VALID_ARCHS = "arm64 armv7";
			};
			name = Debug;
		};
		1D6058950D05DD3E006BFB54 /* Release */ = {
			isa = XCBuildConfiguration;
			buildSettings = {
				ALWAYS_SEARCH_USER_PATHS = YES;
				ASSETCATALOG_COMPILER_APPICON_NAME = AppIcon;
				CODE_SIGN_IDENTITY = "iPhone Developer";
				COMPRESS_PNG_FILES = NO;
				ENABLE_BITCODE = NO;
				GCC_INLINES_ARE_PRIVATE_EXTERN = NO;
				GCC_PRECOMPILE_PREFIX_HEADER = YES;
				GCC_PREFIX_HEADER = ios/Prefix.pch;
				GCC_PREPROCESSOR_DEFINITIONS = (
					USE_FILE32API,
					"CC_ENABLE_CHIPMUNK_INTEGRATION=1",
					NDEBUG,
					ASIO_STANDALONE,
					REG_LOCALE_ENGLISH,
				);
				GCC_SYMBOLS_PRIVATE_EXTERN = NO;
				HEADER_SEARCH_PATHS = "$(inherited)";
				INFOPLIST_FILE = ios/Info.plist;
				IPHONEOS_DEPLOYMENT_TARGET = 6.0;
				LIBRARY_SEARCH_PATHS = "";
				"LIBRARY_SEARCH_PATHS[arch=*]" = (
					/Volumes/ExternalDrive/Regicide/Regicide/Regicide/Asio/include,
					/Volumes/ExternalDrive/Regicide/Regicide/Regicide/cryptolib,
				);
				OTHER_LDFLAGS = (
					"$(_COCOS_LIB_IOS_BEGIN)",
					"$(_COCOS_LIB_IOS_END)",
				);
				SDKROOT = iphoneos;
				STRIP_PNG_TEXT = NO;
				TARGETED_DEVICE_FAMILY = "1,2";
				USER_HEADER_SEARCH_PATHS = "$(_COCOS_HEADER_IOS_BEGIN) $(_COCOS_HEADER_IOS_END)";
				"USER_HEADER_SEARCH_PATHS[arch=*]" = "/Volumes/ExternalDrive/Regicide/Regicide/Regicide/cryptolib /Volumes/ExternalDrive/Regicide/Regicide/Regicide/Asio/include /Volumes/ExternalDrive/Regicide/Regicide/Regicide/utf8";
				VALID_ARCHS = "arm64 armv7";
			};
			name = Release;
		};
		5087E76D17EB910900C73F5D /* Debug */ = {
			isa = XCBuildConfiguration;
			buildSettings = {
				ALWAYS_SEARCH_USER_PATHS = YES;
				ARCHS = "$(ARCHS_STANDARD_64_BIT)";
				CLANG_CXX_LANGUAGE_STANDARD = "c++0x";
				CLANG_CXX_LIBRARY = "libc++";
				GCC_DYNAMIC_NO_PIC = NO;
				GCC_INLINES_ARE_PRIVATE_EXTERN = NO;
				GCC_PRECOMPILE_PREFIX_HEADER = YES;
				GCC_PREFIX_HEADER = mac/Prefix.pch;
				GCC_PREPROCESSOR_DEFINITIONS = (
					USE_FILE32API,
					"COCOS2D_DEBUG=1",
					"CC_ENABLE_CHIPMUNK_INTEGRATION=1",
				);
				GCC_SYMBOLS_PRIVATE_EXTERN = NO;
				HEADER_SEARCH_PATHS = (
					"$(inherited)",
					"$(SRCROOT)/../cocos2d/external/glfw3/include/mac",
				);
				INFOPLIST_FILE = mac/Info.plist;
				LIBRARY_SEARCH_PATHS = "";
				OTHER_LDFLAGS = (
					"$(_COCOS_LIB_MAC_BEGIN)",
					"$(_COCOS_LIB_MAC_END)",
				);
				USER_HEADER_SEARCH_PATHS = "$(_COCOS_HEADER_MAC_BEGIN) $(_COCOS_HEADER_MAC_END)";
			};
			name = Debug;
		};
		5087E76E17EB910900C73F5D /* Release */ = {
			isa = XCBuildConfiguration;
			buildSettings = {
				ALWAYS_SEARCH_USER_PATHS = YES;
				ARCHS = "$(ARCHS_STANDARD_64_BIT)";
				CLANG_CXX_LANGUAGE_STANDARD = "c++0x";
				CLANG_CXX_LIBRARY = "libc++";
				GCC_INLINES_ARE_PRIVATE_EXTERN = NO;
				GCC_PRECOMPILE_PREFIX_HEADER = YES;
				GCC_PREFIX_HEADER = mac/Prefix.pch;
				GCC_PREPROCESSOR_DEFINITIONS = (
					USE_FILE32API,
					"CC_ENABLE_CHIPMUNK_INTEGRATION=1",
					NDEBUG,
				);
				GCC_SYMBOLS_PRIVATE_EXTERN = NO;
				HEADER_SEARCH_PATHS = (
					"$(inherited)",
					"$(SRCROOT)/../cocos2d/external/glfw3/include/mac",
				);
				INFOPLIST_FILE = mac/Info.plist;
				LIBRARY_SEARCH_PATHS = "";
				OTHER_LDFLAGS = (
					"$(_COCOS_LIB_MAC_BEGIN)",
					"$(_COCOS_LIB_MAC_END)",
				);
				USER_HEADER_SEARCH_PATHS = "$(_COCOS_HEADER_MAC_BEGIN) $(_COCOS_HEADER_MAC_END)";
			};
			name = Release;
		};
		C01FCF4F08A954540054247B /* Debug */ = {
			isa = XCBuildConfiguration;
			buildSettings = {
				CLANG_CXX_LANGUAGE_STANDARD = "c++0x";
				CLANG_CXX_LIBRARY = "libc++";
				COPY_PHASE_STRIP = NO;
				GCC_OPTIMIZATION_LEVEL = 0;
				GCC_WARN_ABOUT_RETURN_TYPE = YES;
				GCC_WARN_UNUSED_VARIABLE = YES;
				HEADER_SEARCH_PATHS = (
					"$(SRCROOT)/../cocos2d",
					"$(SRCROOT)/../cocos2d/cocos/audio/include",
					"$(SRCROOT)/../cocos2d/cocos",
					"$(SRCROOT)/../cocos2d/extensions",
					"$(SRCROOT)/../cocos2d/external",
					"$(SRCROOT)/../cocos2d/external/chipmunk/include/chipmunk",
					"$(SRCROOT)/../cocos2d/cocos/editor-support",
				);
				IPHONEOS_DEPLOYMENT_TARGET = 6.0;
				MACOSX_DEPLOYMENT_TARGET = 10.7;
				ONLY_ACTIVE_ARCH = YES;
				PRODUCT_NAME = "$(TARGET_NAME)";
				SDKROOT = macosx;
			};
			name = Debug;
		};
		C01FCF5008A954540054247B /* Release */ = {
			isa = XCBuildConfiguration;
			buildSettings = {
				CLANG_CXX_LANGUAGE_STANDARD = "c++0x";
				CLANG_CXX_LIBRARY = "libc++";
				GCC_WARN_ABOUT_RETURN_TYPE = YES;
				GCC_WARN_UNUSED_VARIABLE = YES;
				HEADER_SEARCH_PATHS = (
					"$(SRCROOT)/../cocos2d",
					"$(SRCROOT)/../cocos2d/cocos/audio/include",
					"$(SRCROOT)/../cocos2d/cocos",
					"$(SRCROOT)/../cocos2d/extensions",
					"$(SRCROOT)/../cocos2d/external",
					"$(SRCROOT)/../cocos2d/external/chipmunk/include/chipmunk",
					"$(SRCROOT)/../cocos2d/cocos/editor-support",
				);
				IPHONEOS_DEPLOYMENT_TARGET = 6.0;
				MACOSX_DEPLOYMENT_TARGET = 10.7;
				OTHER_CFLAGS = "-DNS_BLOCK_ASSERTIONS=1";
				PRODUCT_NAME = "$(TARGET_NAME)";
				SDKROOT = macosx;
				VALIDATE_PRODUCT = YES;
			};
			name = Release;
		};
/* End XCBuildConfiguration section */

/* Begin XCConfigurationList section */
		1D6058960D05DD3E006BFB54 /* Build configuration list for PBXNativeTarget "Regicide-mobile" */ = {
			isa = XCConfigurationList;
			buildConfigurations = (
				1D6058940D05DD3E006BFB54 /* Debug */,
				1D6058950D05DD3E006BFB54 /* Release */,
			);
			defaultConfigurationIsVisible = 0;
			defaultConfigurationName = Debug;
		};
		5087E76C17EB910900C73F5D /* Build configuration list for PBXNativeTarget "Regicide-desktop" */ = {
			isa = XCConfigurationList;
			buildConfigurations = (
				5087E76D17EB910900C73F5D /* Debug */,
				5087E76E17EB910900C73F5D /* Release */,
			);
			defaultConfigurationIsVisible = 0;
			defaultConfigurationName = Debug;
		};
		C01FCF4E08A954540054247B /* Build configuration list for PBXProject "Regicide" */ = {
			isa = XCConfigurationList;
			buildConfigurations = (
				C01FCF4F08A954540054247B /* Debug */,
				C01FCF5008A954540054247B /* Release */,
			);
			defaultConfigurationIsVisible = 0;
			defaultConfigurationName = Debug;
		};
/* End XCConfigurationList section */
	};
	rootObject = 29B97313FDCFA39411CA2CEA /* Project object */;
}
